{
  "name": "api",
  "version": "1.0.0",
  "lockfileVersion": 1,
  "requires": true,
  "dependencies": {
    "bibutils.js": {
      "version": "2.0.1",
      "resolved": "https://registry.npmjs.org/bibutils.js/-/bibutils.js-2.0.1.tgz",
      "integrity": "sha512-baxRbCygXhMqukJhWCFRldSjAhK5bRe0DMaiOY2QUl/KZL5ZtVZdUQQOJuGTTV5kjZrcdBir+eoCw9KVSMX4KQ=="
    }
  }
}
